{
  "version": 4,
  "terraform_version": "1.4.5",
  "serial": 502,
  "lineage": "06aa703f-6872-9922-d274-2578ff7eec59",
  "outputs": {},
  "resources": [
    {
      "mode": "managed",
      "type": "aws_vpc",
      "name": "dev_ap-se-1_vpc",
      "provider": "provider[\"registry.terraform.io/hashicorp/aws\"]",
      "instances": [
        {
          "schema_version": 1,
          "attributes": {
            "arn": "arn:aws:ec2:ap-southeast-1:778390640300:vpc/vpc-045051aeae52b6422",
            "assign_generated_ipv6_cidr_block": false,
            "cidr_block": "10.0.0.0/16",
            "default_network_acl_id": "acl-0e17dde3cd8977744",
            "default_route_table_id": "rtb-0e7d220b6b8a449c6",
            "default_security_group_id": "sg-05599337fc8a81540",
            "dhcp_options_id": "dopt-2b68414c",
            "enable_classiclink": false,
            "enable_classiclink_dns_support": false,
            "enable_dns_hostnames": false,
            "enable_dns_support": true,
            "enable_network_address_usage_metrics": false,
            "id": "vpc-045051aeae52b6422",
            "instance_tenancy": "default",
            "ipv4_ipam_pool_id": null,
            "ipv4_netmask_length": null,
            "ipv6_association_id": "",
            "ipv6_cidr_block": "",
            "ipv6_cidr_block_network_border_group": "",
            "ipv6_ipam_pool_id": "",
            "ipv6_netmask_length": 0,
            "main_route_table_id": "rtb-0e7d220b6b8a449c6",
            "owner_id": "778390640300",
            "tags": {
              "name": "dev-ap-se-1"
            },
            "tags_all": {
              "name": "dev-ap-se-1"
            }
          },
          "sensitive_attributes": [],
          "private": "eyJzY2hlbWFfdmVyc2lvbiI6IjEifQ==",
          "create_before_destroy": true
        }
      ]
    }
  ],
  "check_results": null
}
